
Microsoft Visual Studio Solution File, Format Version 11.00
# Visual Studio 2010
Project("{FAE04EC0-301F-11D3-BF4B-00C04F79EFBC}") = "JohnJesus.TryJson.Model", "JohnJesus.TryJson.Model\JohnJesus.TryJson.Model.csproj", "{64C19F9C-271F-459E-94EC-5388217EB81A}"
EndProject
Project("{FAE04EC0-301F-11D3-BF4B-00C04F79EFBC}") = "JohnJesus.TryJson.User", "JohnJesus.TryJson.User\JohnJesus.TryJson.User.csproj", "{1EA9EF84-1D69-46CF-AC1F-08090C23A870}"
EndProject
Global
	GlobalSection(SolutionConfigurationPlatforms) = preSolution
		Debug|Any CPU = Debug|Any CPU
		Debug|Mixed Platforms = Debug|Mixed Platforms
		Debug|x86 = Debug|x86
		Release|Any CPU = Release|Any CPU
		Release|Mixed Platforms = Release|Mixed Platforms
		Release|x86 = Release|x86
	EndGlobalSection
	GlobalSection(ProjectConfigurationPlatforms) = postSolution
		{64C19F9C-271F-459E-94EC-5388217EB81A}.Debug|Any CPU.ActiveCfg = Debug|Any CPU
		{64C19F9C-271F-459E-94EC-5388217EB81A}.Debug|Any CPU.Build.0 = Debug|Any CPU
		{64C19F9C-271F-459E-94EC-5388217EB81A}.Debug|Mixed Platforms.ActiveCfg = Debug|Any CPU
		{64C19F9C-271F-459E-94EC-5388217EB81A}.Debug|Mixed Platforms.Build.0 = Debug|Any CPU
		{64C19F9C-271F-459E-94EC-5388217EB81A}.Debug|x86.ActiveCfg = Debug|Any CPU
		{64C19F9C-271F-459E-94EC-5388217EB81A}.Release|Any CPU.ActiveCfg = Release|Any CPU
		{64C19F9C-271F-459E-94EC-5388217EB81A}.Release|Any CPU.Build.0 = Release|Any CPU
		{64C19F9C-271F-459E-94EC-5388217EB81A}.Release|Mixed Platforms.ActiveCfg = Release|Any CPU
		{64C19F9C-271F-459E-94EC-5388217EB81A}.Release|Mixed Platforms.Build.0 = Release|Any CPU
		{64C19F9C-271F-459E-94EC-5388217EB81A}.Release|x86.ActiveCfg = Release|Any CPU
		{1EA9EF84-1D69-46CF-AC1F-08090C23A870}.Debug|Any CPU.ActiveCfg = Debug|x86
		{1EA9EF84-1D69-46CF-AC1F-08090C23A870}.Debug|Mixed Platforms.ActiveCfg = Debug|x86
		{1EA9EF84-1D69-46CF-AC1F-08090C23A870}.Debug|Mixed Platforms.Build.0 = Debug|x86
		{1EA9EF84-1D69-46CF-AC1F-08090C23A870}.Debug|x86.ActiveCfg = Debug|x86
		{1EA9EF84-1D69-46CF-AC1F-08090C23A870}.Debug|x86.Build.0 = Debug|x86
		{1EA9EF84-1D69-46CF-AC1F-08090C23A870}.Release|Any CPU.ActiveCfg = Release|x86
		{1EA9EF84-1D69-46CF-AC1F-08090C23A870}.Release|Mixed Platforms.ActiveCfg = Release|x86
		{1EA9EF84-1D69-46CF-AC1F-08090C23A870}.Release|Mixed Platforms.Build.0 = Release|x86
		{1EA9EF84-1D69-46CF-AC1F-08090C23A870}.Release|x86.ActiveCfg = Release|x86
		{1EA9EF84-1D69-46CF-AC1F-08090C23A870}.Release|x86.Build.0 = Release|x86
	EndGlobalSection
	GlobalSection(SolutionProperties) = preSolution
		HideSolutionNode = FALSE
	EndGlobalSection
EndGlobal
